subjects:
- requested_id: Qwen/Qwen3.8-27B
  exact_repo_id: Qwen/Qwen3.8-27B
  sha: 1d4bf0f2ff6012fd82039f2fa52739d0dd7c60c0
  gated: false
  token_has_access: true
  license: apache-2.0
  license_name: null
  safetensors_gb: 51.7470825240016
  all_safetensors_gb: 51.7470825240016
  weight_file_source: index
  parameter_count: '27781427952'
  param_bytes_bf16_gb: 51.74694201350212
  status: OK
  error: null
  candidates: []
  chat_template:
    enable_thinking_supported: true
    think_token_supported: false
    chat_template_inspected: true
  config_id: qwen38_27b_nothink
  role: subject
  fit:
    compute: modal_a100_80gb
    gpu_memory_gb: 80
    required_headroom: 0.2
    usable_gb: 64.0
    weights_gb: 51.7470825240016
    fits: true
    flag: null
- requested_id: Qwen/Qwen3.8-27B
  exact_repo_id: Qwen/Qwen3.8-27B
  sha: 1d4bf0f2ff6012fd82039f2fa52739d0dd7c60c0
  gated: false
  token_has_access: true
  license: apache-2.0
  license_name: null
  safetensors_gb: 51.7470825240016
  all_safetensors_gb: 51.7470825240016
  weight_file_source: index
  parameter_count: '27781427952'
  param_bytes_bf16_gb: 51.74694201350212
  status: OK
  error: null
  candidates: []
  chat_template:
    enable_thinking_supported: true
    think_token_supported: false
    chat_template_inspected: true
  config_id: qwen38_27b_think
  role: subject
  fit:
    compute: modal_a100_80gb
    gpu_memory_gb: 80
    required_headroom: 0.2
    usable_gb: 64.0
    weights_gb: 51.7470825240016
    fits: true
    flag: null
- requested_id: google/gemma-4-31B-it
  exact_repo_id: google/gemma-4-31B-it
  sha: 842da3794eaa0b77d5f08bae87a17459d91ff475
  gated: false
  token_has_access: true
  license: apache-2.0
  license_name: null
  safetensors_gb: 58.25081676989794
  all_safetensors_gb: 58.25081676989794
  weight_file_source: index
  parameter_count: '31273088876'
  param_bytes_bf16_gb: 58.25066729635
  status: OK
  error: null
  candidates: []
  chat_template:
    enable_thinking_supported: true
    think_token_supported: true
    chat_template_inspected: true
  config_id: gemma4_31b
  role: subject
  fit:
    compute: modal_a100_80gb
    gpu_memory_gb: 80
    required_headroom: 0.2
    usable_gb: 64.0
    weights_gb: 58.25081676989794
    fits: true
    flag: null
- requested_id: google/gemma-4-12B-it
  exact_repo_id: google/gemma-4-12B-it
  sha: 707f0a3b8a3c7ad586ed01e27eafbad8a27dd0f7
  gated: false
  token_has_access: true
  license: apache-2.0
  license_name: null
  safetensors_gb: 22.276816338300705
  all_safetensors_gb: 22.276816338300705
  weight_file_source: single
  parameter_count: '11959730224'
  param_bytes_bf16_gb: 22.276733487844467
  status: OK
  error: null
  candidates: []
  chat_template:
    enable_thinking_supported: true
    think_token_supported: true
    chat_template_inspected: true
  config_id: gemma4_12b
  role: subject
  fit:
    compute: modal_l40s
    gpu_memory_gb: 48
    required_headroom: 0.2
    usable_gb: 38.400000000000006
    weights_gb: 22.276816338300705
    fits: true
    flag: null
- requested_id: allenai/Olmo-3-7B-Instruct-SFT
  exact_repo_id: allenai/Olmo-3-7B-Instruct-SFT
  sha: e1452fc572d51966ff4aaeb25118b891eb93e549
  gated: false
  token_has_access: true
  license: apache-2.0
  license_name: null
  safetensors_gb: 13.593643635511398
  all_safetensors_gb: 13.593643635511398
  weight_file_source: index
  parameter_count: '7298011136'
  param_bytes_bf16_gb: 13.593605041503906
  status: OK
  error: null
  candidates: []
  chat_template:
    enable_thinking_supported: false
    think_token_supported: false
    chat_template_inspected: true
  config_id: olmo3_7b_sft
  role: subject
  fit:
    compute: colab_l4
    gpu_memory_gb: 24
    required_headroom: 0.2
    usable_gb: 19.200000000000003
    weights_gb: 13.593643635511398
    fits: true
    flag: null
- requested_id: allenai/Olmo-3-7B-Instruct-DPO
  exact_repo_id: allenai/Olmo-3-7B-Instruct-DPO
  sha: b33130b7de49f0c2553b5c2b3bc8409ff3e627d1
  gated: false
  token_has_access: true
  license: apache-2.0
  license_name: null
  safetensors_gb: 13.593643635511398
  all_safetensors_gb: 13.593643635511398
  weight_file_source: index
  parameter_count: '7298011136'
  param_bytes_bf16_gb: 13.593605041503906
  status: OK
  error: null
  candidates: []
  chat_template:
    enable_thinking_supported: false
    think_token_supported: false
    chat_template_inspected: true
  config_id: olmo3_7b_dpo
  role: subject
  fit:
    compute: colab_l4
    gpu_memory_gb: 24
    required_headroom: 0.2
    usable_gb: 19.200000000000003
    weights_gb: 13.593643635511398
    fits: true
    flag: null
- requested_id: allenai/Olmo-3-7B-Instruct
  exact_repo_id: allenai/Olmo-3-7B-Instruct
  sha: 6e5971d9eba42665f5bd5a0fcf047f299ce1dccc
  gated: false
  token_has_access: true
  license: apache-2.0
  license_name: null
  safetensors_gb: 13.593643635511398
  all_safetensors_gb: 13.593643635511398
  weight_file_source: index
  parameter_count: '7298011136'
  param_bytes_bf16_gb: 13.593605041503906
  status: OK
  error: null
  candidates: []
  chat_template:
    enable_thinking_supported: false
    think_token_supported: false
    chat_template_inspected: true
  config_id: olmo3_7b_final
  role: subject
  fit:
    compute: colab_l4
    gpu_memory_gb: 24
    required_headroom: 0.2
    usable_gb: 19.200000000000003
    weights_gb: 13.593643635511398
    fits: true
    flag: null
judges:
- requested_id: openai/gpt-oss-120b
  exact_repo_id: openai/gpt-oss-120b
  sha: b5c939de8f754692c1647ca79fbf85e8c1e70f8a
  gated: false
  token_has_access: true
  license: apache-2.0
  license_name: null
  safetensors_gb: 60.76776719093323
  all_safetensors_gb: 121.53551260381937
  weight_file_source: index
  parameter_count: '116829156672'
  param_bytes_bf16_gb: 217.6112619638443
  status: OK
  error: null
  candidates: []
  chat_template:
    enable_thinking_supported: false
    think_token_supported: false
    chat_template_inspected: true
  judge_id: gptoss_120b
  role: judge
  fit:
    compute: modal_h100
    gpu_memory_gb: 80
    required_headroom: 0.2
    usable_gb: 64.0
    weights_gb: 60.76776719093323
    fits: true
    flag: null
- requested_id: mistralai/Mistral-Small-3.2-24B-Instruct-2506
  exact_repo_id: mistralai/Mistral-Small-3.2-24B-Instruct-2506
  sha: 95a6d26c4bfb886c58daf9d3f7332c857cb27b43
  gated: false
  token_has_access: true
  license: apache-2.0
  license_name: null
  safetensors_gb: 44.72471825778484
  all_safetensors_gb: 89.44942880421877
  weight_file_source: index
  parameter_count: '24011361280'
  param_bytes_bf16_gb: 44.72464561462402
  status: OK
  error: null
  candidates: []
  chat_template:
    enable_thinking_supported: false
    think_token_supported: false
    chat_template_inspected: false
  judge_id: mistral_small32_24b
  role: judge
  fit:
    compute: modal_a100_80gb
    gpu_memory_gb: 80
    required_headroom: 0.2
    usable_gb: 64.0
    weights_gb: 44.72471825778484
    fits: true
    flag: null
- requested_id: nvidia/NVIDIA-Nemotron-3-Nano-30B-A3B-BF16
  exact_repo_id: nvidia/NVIDIA-Nemotron-3-Nano-30B-A3B-BF16
  sha: bf77c3174f68ad409e1c2aa60daeb46e32d1c606
  gated: false
  token_has_access: true
  license: other
  license_name: nvidia-nemotron-open-model-license
  safetensors_gb: 58.819255113601685
  all_safetensors_gb: 58.819255113601685
  weight_file_source: index
  parameter_count: '31577940288'
  param_bytes_bf16_gb: 58.81849730014801
  status: OK
  error: null
  candidates: []
  chat_template:
    enable_thinking_supported: true
    think_token_supported: false
    chat_template_inspected: true
  judge_id: nemotron3_nano_30b
  role: judge
  fit:
    compute: modal_a100_80gb
    gpu_memory_gb: 80
    required_headroom: 0.2
    usable_gb: 64.0
    weights_gb: 58.819255113601685
    fits: true
    flag: null
- requested_id: ibm-granite/granite-4.1-8b
  exact_repo_id: ibm-granite/granite-4.1-8b
  sha: 1504002f650e656a0a3789d99574df12e3e94ed0
  gated: false
  token_has_access: true
  license: apache-2.0
  license_name: null
  safetensors_gb: 16.375657312572002
  all_safetensors_gb: 16.375657312572002
  weight_file_source: index
  parameter_count: '8791592960'
  param_bytes_bf16_gb: 16.37561798095703
  status: OK
  error: null
  candidates: []
  chat_template:
    enable_thinking_supported: false
    think_token_supported: false
    chat_template_inspected: true
  judge_id: granite41_8b
  role: judge
  fit:
    compute: modal_l40s
    gpu_memory_gb: 48
    required_headroom: 0.2
    usable_gb: 38.400000000000006
    weights_gb: 16.375657312572002
    fits: true
    flag: null

smoke_models:
- config_id: qwen35_08b_smoke
  requested_id: Qwen/Qwen3.5-0.8B
  exact_repo_id: Qwen/Qwen3.5-0.8B
  sha: 2fc06364715b967f1860aea9cf38778875588b17
  role: smoke
  compute: modal_l4
  note: D23 tiny-model L4 end-to-end smoke. Not a confirmatory subject.
- config_id: gptoss_20b_smoke
  requested_id: openai/gpt-oss-20b
  exact_repo_id: openai/gpt-oss-20b
  sha: 6cee5e81ee83917806bbde320786a8fb61efebee
  role: smoke
  compute: modal_l4
  note: D23 Phase-4 gpt-oss MXFP4 L4 smoke for the judge code path (harmony + reasoning parser). Not confirmatory.
